
Microsoft Visual Studio Solution File, Format Version 12.00
# Visual Studio Version 16
VisualStudioVersion = 16.0.30907.101
MinimumVisualStudioVersion = 10.0.40219.1
Project("{FAE04EC0-301F-11D3-BF4B-00C04F79EFBC}") = "DataAccess", "DataAccess\DataAccess.csproj", "{C7333945-7418-4007-AB02-5B9DA85101C8}"
EndProject
Project("{FAE04EC0-301F-11D3-BF4B-00C04F79EFBC}") = "Business", "Business\Business.csproj", "{40F14CC8-5C16-443B-B5C6-4FDBE8279B49}"
EndProject
Project("{FAE04EC0-301F-11D3-BF4B-00C04F79EFBC}") = "Entities", "Entities\Entities.csproj", "{8F52034A-00B7-4CC7-B006-8685FB1916E8}"
EndProject
Project("{FAE04EC0-301F-11D3-BF4B-00C04F79EFBC}") = "ConsoleUI", "ConsoleUI\ConsoleUI.csproj", "{C6E48AE9-F7C6-4A86-B660-F0AB6026A97B}"
EndProject
Global
	GlobalSection(SolutionConfigurationPlatforms) = preSolution
		Debug|Any CPU = Debug|Any CPU
		Release|Any CPU = Release|Any CPU
	EndGlobalSection
	GlobalSection(ProjectConfigurationPlatforms) = postSolution
		{C7333945-7418-4007-AB02-5B9DA85101C8}.Debug|Any CPU.ActiveCfg = Debug|Any CPU
		{C7333945-7418-4007-AB02-5B9DA85101C8}.Debug|Any CPU.Build.0 = Debug|Any CPU
		{C7333945-7418-4007-AB02-5B9DA85101C8}.Release|Any CPU.ActiveCfg = Release|Any CPU
		{C7333945-7418-4007-AB02-5B9DA85101C8}.Release|Any CPU.Build.0 = Release|Any CPU
		{40F14CC8-5C16-443B-B5C6-4FDBE8279B49}.Debug|Any CPU.ActiveCfg = Debug|Any CPU
		{40F14CC8-5C16-443B-B5C6-4FDBE8279B49}.Debug|Any CPU.Build.0 = Debug|Any CPU
		{40F14CC8-5C16-443B-B5C6-4FDBE8279B49}.Release|Any CPU.ActiveCfg = Release|Any CPU
		{40F14CC8-5C16-443B-B5C6-4FDBE8279B49}.Release|Any CPU.Build.0 = Release|Any CPU
		{8F52034A-00B7-4CC7-B006-8685FB1916E8}.Debug|Any CPU.ActiveCfg = Debug|Any CPU
		{8F52034A-00B7-4CC7-B006-8685FB1916E8}.Debug|Any CPU.Build.0 = Debug|Any CPU
		{8F52034A-00B7-4CC7-B006-8685FB1916E8}.Release|Any CPU.ActiveCfg = Release|Any CPU
		{8F52034A-00B7-4CC7-B006-8685FB1916E8}.Release|Any CPU.Build.0 = Release|Any CPU
		{C6E48AE9-F7C6-4A86-B660-F0AB6026A97B}.Debug|Any CPU.ActiveCfg = Debug|Any CPU
		{C6E48AE9-F7C6-4A86-B660-F0AB6026A97B}.Debug|Any CPU.Build.0 = Debug|Any CPU
		{C6E48AE9-F7C6-4A86-B660-F0AB6026A97B}.Release|Any CPU.ActiveCfg = Release|Any CPU
		{C6E48AE9-F7C6-4A86-B660-F0AB6026A97B}.Release|Any CPU.Build.0 = Release|Any CPU
	EndGlobalSection
	GlobalSection(SolutionProperties) = preSolution
		HideSolutionNode = FALSE
	EndGlobalSection
	GlobalSection(ExtensibilityGlobals) = postSolution
		SolutionGuid = {4ADA1F9A-FAFD-4378-A301-3E86938827E1}
	EndGlobalSection
EndGlobal
